// !$*UTF8*$!
{
	archiveVersion = 1;
	classes = {
	};
	objectVersion = 50;
	objects = {

/* Begin PBXBuildFile section */
		F76130262161B19400B0F831 /* WebKitExecutor.swift in Sources */ = {isa = PBXBuildFile; fileRef = F76130252161B19400B0F831 /* WebKitExecutor.swift */; };
		F7736186216035FC00467622 /* Siesta.framework in Frameworks */ = {isa = PBXBuildFile; fileRef = F7736172216035BB00467622 /* Siesta.framework */; };
		F773618D2160368B00467622 /* Siesta.framework in CopyFiles */ = {isa = PBXBuildFile; fileRef = F7736172216035BB00467622 /* Siesta.framework */; settings = {ATTRIBUTES = (CodeSignOnCopy, RemoveHeadersOnCopy, ); }; };
		F773618F2160384700467622 /* LanguageIDService.swift in Sources */ = {isa = PBXBuildFile; fileRef = F773618E2160384700467622 /* LanguageIDService.swift */; };
		F77361912160391E00467622 /* KeysAndTokens.swift in Sources */ = {isa = PBXBuildFile; fileRef = F77361902160391E00467622 /* KeysAndTokens.swift */; };
		F7736194216064E600467622 /* LanguageID.swift in Sources */ = {isa = PBXBuildFile; fileRef = F7736193216064E600467622 /* LanguageID.swift */; };
		F7736196216092D400467622 /* Executor.swift in Sources */ = {isa = PBXBuildFile; fileRef = F7736195216092D400467622 /* Executor.swift */; };
		F77361982160C95B00467622 /* LanguageMappings.swift in Sources */ = {isa = PBXBuildFile; fileRef = F77361972160C95B00467622 /* LanguageMappings.swift */; };
		F7782169215E875900B240C3 /* AppDelegate.swift in Sources */ = {isa = PBXBuildFile; fileRef = F7782168215E875900B240C3 /* AppDelegate.swift */; };
		F778216B215E875900B240C3 /* Document.swift in Sources */ = {isa = PBXBuildFile; fileRef = F778216A215E875900B240C3 /* Document.swift */; };
		F778216E215E875900B240C3 /* Document.xib in Resources */ = {isa = PBXBuildFile; fileRef = F778216C215E875900B240C3 /* Document.xib */; };
		F7782170215E875A00B240C3 /* Assets.xcassets in Resources */ = {isa = PBXBuildFile; fileRef = F778216F215E875A00B240C3 /* Assets.xcassets */; };
		F7782173215E875A00B240C3 /* MainMenu.xib in Resources */ = {isa = PBXBuildFile; fileRef = F7782171215E875A00B240C3 /* MainMenu.xib */; };
		F778217F215E875A00B240C3 /* RunnerTests.swift in Sources */ = {isa = PBXBuildFile; fileRef = F778217E215E875A00B240C3 /* RunnerTests.swift */; };
		F778218A215E875A00B240C3 /* RunnerUITests.swift in Sources */ = {isa = PBXBuildFile; fileRef = F7782189215E875A00B240C3 /* RunnerUITests.swift */; };
		F7C4A02D2161EFA500B6D012 /* ExecutionResult.swift in Sources */ = {isa = PBXBuildFile; fileRef = F7C4A02C2161EFA500B6D012 /* ExecutionResult.swift */; };
/* End PBXBuildFile section */

/* Begin PBXContainerItemProxy section */
		F773616F216035BB00467622 /* PBXContainerItemProxy */ = {
			isa = PBXContainerItemProxy;
			containerPortal = F7736162216035BB00467622 /* Siesta.xcodeproj */;
			proxyType = 2;
			remoteGlobalIDString = DA336E4F1B2E6DDB006F702A;
			remoteInfo = "Siesta iOS";
		};
		F7736171216035BB00467622 /* PBXContainerItemProxy */ = {
			isa = PBXContainerItemProxy;
			containerPortal = F7736162216035BB00467622 /* Siesta.xcodeproj */;
			proxyType = 2;
			remoteGlobalIDString = 9F2FB51E1C28645E0068DFFA;
			remoteInfo = "Siesta macOS";
		};
		F7736173216035BB00467622 /* PBXContainerItemProxy */ = {
			isa = PBXContainerItemProxy;
			containerPortal = F7736162216035BB00467622 /* Siesta.xcodeproj */;
			proxyType = 2;
			remoteGlobalIDString = CDCCAF651E6A313800860D18;
			remoteInfo = "Siesta watchOS";
		};
		F7736175216035BB00467622 /* PBXContainerItemProxy */ = {
			isa = PBXContainerItemProxy;
			containerPortal = F7736162216035BB00467622 /* Siesta.xcodeproj */;
			proxyType = 2;
			remoteGlobalIDString = CDCCAF721E6A31D900860D18;
			remoteInfo = "Siesta tvOS";
		};
		F7736177216035BB00467622 /* PBXContainerItemProxy */ = {
			isa = PBXContainerItemProxy;
			containerPortal = F7736162216035BB00467622 /* Siesta.xcodeproj */;
			proxyType = 2;
			remoteGlobalIDString = DAC0B3AA1D651CB500D25C44;
			remoteInfo = "SiestaUI iOS";
		};
		F7736179216035BB00467622 /* PBXContainerItemProxy */ = {
			isa = PBXContainerItemProxy;
			containerPortal = F7736162216035BB00467622 /* Siesta.xcodeproj */;
			proxyType = 2;
			remoteGlobalIDString = DAC0B3D61D651CC700D25C44;
			remoteInfo = "SiestaUI macOS";
		};
		F773617B216035BB00467622 /* PBXContainerItemProxy */ = {
			isa = PBXContainerItemProxy;
			containerPortal = F7736162216035BB00467622 /* Siesta.xcodeproj */;
			proxyType = 2;
			remoteGlobalIDString = DA336E591B2E6DDB006F702A;
			remoteInfo = "SiestaTests iOS";
		};
		F773617D216035BB00467622 /* PBXContainerItemProxy */ = {
			isa = PBXContainerItemProxy;
			containerPortal = F7736162216035BB00467622 /* Siesta.xcodeproj */;
			proxyType = 2;
			remoteGlobalIDString = 9F0FAFAC1D033FCD00CE1B61;
			remoteInfo = "SiestaTests macOS";
		};
		F773617F216035BB00467622 /* PBXContainerItemProxy */ = {
			isa = PBXContainerItemProxy;
			containerPortal = F7736162216035BB00467622 /* Siesta.xcodeproj */;
			proxyType = 2;
			remoteGlobalIDString = CDCCAF7A1E6A31DA00860D18;
			remoteInfo = "SiestaTests tvOS";
		};
		F7736181216035BB00467622 /* PBXContainerItemProxy */ = {
			isa = PBXContainerItemProxy;
			containerPortal = F7736162216035BB00467622 /* Siesta.xcodeproj */;
			proxyType = 2;
			remoteGlobalIDString = DA19D06E1D9ADC1800D15F3A;
			remoteInfo = "SiestaPerformanceTests macOS";
		};
		F7736183216035DF00467622 /* PBXContainerItemProxy */ = {
			isa = PBXContainerItemProxy;
			containerPortal = F7736162216035BB00467622 /* Siesta.xcodeproj */;
			proxyType = 1;
			remoteGlobalIDString = 9F2FB51D1C28645E0068DFFA;
			remoteInfo = "Siesta macOS";
		};
		F778217B215E875A00B240C3 /* PBXContainerItemProxy */ = {
			isa = PBXContainerItemProxy;
			containerPortal = F778215D215E875900B240C3 /* Project object */;
			proxyType = 1;
			remoteGlobalIDString = F7782164215E875900B240C3;
			remoteInfo = Runner;
		};
		F7782186215E875A00B240C3 /* PBXContainerItemProxy */ = {
			isa = PBXContainerItemProxy;
			containerPortal = F778215D215E875900B240C3 /* Project object */;
			proxyType = 1;
			remoteGlobalIDString = F7782164215E875900B240C3;
			remoteInfo = Runner;
		};
/* End PBXContainerItemProxy section */

/* Begin PBXCopyFilesBuildPhase section */
		F77361872160360200467622 /* CopyFiles */ = {
			isa = PBXCopyFilesBuildPhase;
			buildActionMask = 2147483647;
			dstPath = "";
			dstSubfolderSpec = 10;
			files = (
				F773618D2160368B00467622 /* Siesta.framework in CopyFiles */,
			);
			runOnlyForDeploymentPostprocessing = 0;
		};
/* End PBXCopyFilesBuildPhase section */

/* Begin PBXFileReference section */
		F76130252161B19400B0F831 /* WebKitExecutor.swift */ = {isa = PBXFileReference; lastKnownFileType = sourcecode.swift; path = WebKitExecutor.swift; sourceTree = "<group>"; };
		F7736162216035BB00467622 /* Siesta.xcodeproj */ = {isa = PBXFileReference; lastKnownFileType = "wrapper.pb-project"; name = Siesta.xcodeproj; path = "Third-Party/Siesta/Siesta.xcodeproj"; sourceTree = "<group>"; };
		F773618E2160384700467622 /* LanguageIDService.swift */ = {isa = PBXFileReference; lastKnownFileType = sourcecode.swift; path = LanguageIDService.swift; sourceTree = "<group>"; };
		F77361902160391E00467622 /* KeysAndTokens.swift */ = {isa = PBXFileReference; lastKnownFileType = sourcecode.swift; path = KeysAndTokens.swift; sourceTree = "<group>"; };
		F7736193216064E600467622 /* LanguageID.swift */ = {isa = PBXFileReference; lastKnownFileType = sourcecode.swift; path = LanguageID.swift; sourceTree = "<group>"; };
		F7736195216092D400467622 /* Executor.swift */ = {isa = PBXFileReference; lastKnownFileType = sourcecode.swift; path = Executor.swift; sourceTree = "<group>"; };
		F77361972160C95B00467622 /* LanguageMappings.swift */ = {isa = PBXFileReference; lastKnownFileType = sourcecode.swift; path = LanguageMappings.swift; sourceTree = "<group>"; };
		F7782165215E875900B240C3 /* Runner.app */ = {isa = PBXFileReference; explicitFileType = wrapper.application; includeInIndex = 0; path = Runner.app; sourceTree = BUILT_PRODUCTS_DIR; };
		F7782168215E875900B240C3 /* AppDelegate.swift */ = {isa = PBXFileReference; lastKnownFileType = sourcecode.swift; path = AppDelegate.swift; sourceTree = "<group>"; };
		F778216A215E875900B240C3 /* Document.swift */ = {isa = PBXFileReference; lastKnownFileType = sourcecode.swift; path = Document.swift; sourceTree = "<group>"; };
		F778216D215E875900B240C3 /* Base */ = {isa = PBXFileReference; lastKnownFileType = file.xib; name = Base; path = Base.lproj/Document.xib; sourceTree = "<group>"; };
		F778216F215E875A00B240C3 /* Assets.xcassets */ = {isa = PBXFileReference; lastKnownFileType = folder.assetcatalog; path = Assets.xcassets; sourceTree = "<group>"; };
		F7782172215E875A00B240C3 /* Base */ = {isa = PBXFileReference; lastKnownFileType = file.xib; name = Base; path = Base.lproj/MainMenu.xib; sourceTree = "<group>"; };
		F7782174215E875A00B240C3 /* Info.plist */ = {isa = PBXFileReference; lastKnownFileType = text.plist.xml; path = Info.plist; sourceTree = "<group>"; };
		F7782175215E875A00B240C3 /* Runner.entitlements */ = {isa = PBXFileReference; lastKnownFileType = text.plist.entitlements; path = Runner.entitlements; sourceTree = "<group>"; };
		F778217A215E875A00B240C3 /* RunnerTests.xctest */ = {isa = PBXFileReference; explicitFileType = wrapper.cfbundle; includeInIndex = 0; path = RunnerTests.xctest; sourceTree = BUILT_PRODUCTS_DIR; };
		F778217E215E875A00B240C3 /* RunnerTests.swift */ = {isa = PBXFileReference; lastKnownFileType = sourcecode.swift; path = RunnerTests.swift; sourceTree = "<group>"; };
		F7782180215E875A00B240C3 /* Info.plist */ = {isa = PBXFileReference; lastKnownFileType = text.plist.xml; path = Info.plist; sourceTree = "<group>"; };
		F7782185215E875A00B240C3 /* RunnerUITests.xctest */ = {isa = PBXFileReference; explicitFileType = wrapper.cfbundle; includeInIndex = 0; path = RunnerUITests.xctest; sourceTree = BUILT_PRODUCTS_DIR; };
		F7782189215E875A00B240C3 /* RunnerUITests.swift */ = {isa = PBXFileReference; lastKnownFileType = sourcecode.swift; path = RunnerUITests.swift; sourceTree = "<group>"; };
		F778218B215E875A00B240C3 /* Info.plist */ = {isa = PBXFileReference; lastKnownFileType = text.plist.xml; path = Info.plist; sourceTree = "<group>"; };
		F7C4A02C2161EFA500B6D012 /* ExecutionResult.swift */ = {isa = PBXFileReference; lastKnownFileType = sourcecode.swift; path = ExecutionResult.swift; sourceTree = "<group>"; };
/* End PBXFileReference section */

/* Begin PBXFrameworksBuildPhase section */
		F7782162215E875900B240C3 /* Frameworks */ = {
			isa = PBXFrameworksBuildPhase;
			buildActionMask = 2147483647;
			files = (
				F7736186216035FC00467622 /* Siesta.framework in Frameworks */,
			);
			runOnlyForDeploymentPostprocessing = 0;
		};
		F7782177215E875A00B240C3 /* Frameworks */ = {
			isa = PBXFrameworksBuildPhase;
			buildActionMask = 2147483647;
			files = (
			);
			runOnlyForDeploymentPostprocessing = 0;
		};
		F7782182215E875A00B240C3 /* Frameworks */ = {
			isa = PBXFrameworksBuildPhase;
			buildActionMask = 2147483647;
			files = (
			);
			runOnlyForDeploymentPostprocessing = 0;
		};
/* End PBXFrameworksBuildPhase section */

/* Begin PBXGroup section */
		F7736163216035BB00467622 /* Products */ = {
			isa = PBXGroup;
			children = (
				F7736170216035BB00467622 /* Siesta.framework */,
				F7736172216035BB00467622 /* Siesta.framework */,
				F7736174216035BB00467622 /* Siesta.framework */,
				F7736176216035BB00467622 /* Siesta.framework */,
				F7736178216035BB00467622 /* SiestaUI.framework */,
				F773617A216035BB00467622 /* SiestaUI.framework */,
				F773617C216035BB00467622 /* SiestaTests.xctest */,
				F773617E216035BB00467622 /* SiestaTests.xctest */,
				F7736180216035BB00467622 /* SiestaTests tvOS.xctest */,
				F7736182216035BB00467622 /* SiestaPerformanceTests macOS.xctest */,
			);
			name = Products;
			sourceTree = "<group>";
		};
		F7736185216035FC00467622 /* Frameworks */ = {
			isa = PBXGroup;
			children = (
			);
			name = Frameworks;
			sourceTree = "<group>";
		};
		F7736192216064AE00467622 /* Models */ = {
			isa = PBXGroup;
			children = (
				F7736193216064E600467622 /* LanguageID.swift */,
			);
			path = Models;
			sourceTree = "<group>";
		};
		F778215C215E875900B240C3 = {
			isa = PBXGroup;
			children = (
				F77FA4CB215EB33100F932CB /* Source */,
				F7782167215E875900B240C3 /* Runner */,
				F778217D215E875A00B240C3 /* Tests */,
				F7782188215E875A00B240C3 /* UI Tests */,
				F7782166215E875900B240C3 /* Products */,
				F7736162216035BB00467622 /* Siesta.xcodeproj */,
				F7736185216035FC00467622 /* Frameworks */,
			);
			sourceTree = "<group>";
		};
		F7782166215E875900B240C3 /* Products */ = {
			isa = PBXGroup;
			children = (
				F7782165215E875900B240C3 /* Runner.app */,
				F778217A215E875A00B240C3 /* RunnerTests.xctest */,
				F7782185215E875A00B240C3 /* RunnerUITests.xctest */,
			);
			name = Products;
			sourceTree = "<group>";
		};
		F7782167215E875900B240C3 /* Runner */ = {
			isa = PBXGroup;
			children = (
				F7782175215E875A00B240C3 /* Runner.entitlements */,
			);
			path = Runner;
			sourceTree = "<group>";
		};
		F778217D215E875A00B240C3 /* Tests */ = {
			isa = PBXGroup;
			children = (
				F778217E215E875A00B240C3 /* RunnerTests.swift */,
				F7782180215E875A00B240C3 /* Info.plist */,
			);
			path = Tests;
			sourceTree = "<group>";
		};
		F7782188215E875A00B240C3 /* UI Tests */ = {
			isa = PBXGroup;
			children = (
				F7782189215E875A00B240C3 /* RunnerUITests.swift */,
				F778218B215E875A00B240C3 /* Info.plist */,
			);
			path = "UI Tests";
			sourceTree = "<group>";
		};
		F77FA4CB215EB33100F932CB /* Source */ = {
			isa = PBXGroup;
			children = (
				F778216F215E875A00B240C3 /* Assets.xcassets */,
				F7782171215E875A00B240C3 /* MainMenu.xib */,
				F7736192216064AE00467622 /* Models */,
				F7782168215E875900B240C3 /* AppDelegate.swift */,
				F778216A215E875900B240C3 /* Document.swift */,
				F778216C215E875900B240C3 /* Document.xib */,
				F7C4A02C2161EFA500B6D012 /* ExecutionResult.swift */,
				F7736195216092D400467622 /* Executor.swift */,
				F76130252161B19400B0F831 /* WebKitExecutor.swift */,
				F7782174215E875A00B240C3 /* Info.plist */,
				F77361902160391E00467622 /* KeysAndTokens.swift */,
				F773618E2160384700467622 /* LanguageIDService.swift */,
				F77361972160C95B00467622 /* LanguageMappings.swift */,
			);
			path = Source;
			sourceTree = "<group>";
		};
/* End PBXGroup section */

/* Begin PBXNativeTarget section */
		F7782164215E875900B240C3 /* Runner */ = {
			isa = PBXNativeTarget;
			buildConfigurationList = F778218E215E875A00B240C3 /* Build configuration list for PBXNativeTarget "Runner" */;
			buildPhases = (
				F7782161215E875900B240C3 /* Sources */,
				F7782162215E875900B240C3 /* Frameworks */,
				F7782163215E875900B240C3 /* Resources */,
				F77361872160360200467622 /* CopyFiles */,
			);
			buildRules = (
			);
			dependencies = (
				F7736184216035DF00467622 /* PBXTargetDependency */,
			);
			name = Runner;
			productName = Runner;
			productReference = F7782165215E875900B240C3 /* Runner.app */;
			productType = "com.apple.product-type.application";
		};
		F7782179215E875A00B240C3 /* RunnerTests */ = {
			isa = PBXNativeTarget;
			buildConfigurationList = F7782191215E875A00B240C3 /* Build configuration list for PBXNativeTarget "RunnerTests" */;
			buildPhases = (
				F7782176215E875A00B240C3 /* Sources */,
				F7782177215E875A00B240C3 /* Frameworks */,
				F7782178215E875A00B240C3 /* Resources */,
			);
			buildRules = (
			);
			dependencies = (
				F778217C215E875A00B240C3 /* PBXTargetDependency */,
			);
			name = RunnerTests;
			productName = RunnerTests;
			productReference = F778217A215E875A00B240C3 /* RunnerTests.xctest */;
			productType = "com.apple.product-type.bundle.unit-test";
		};
		F7782184215E875A00B240C3 /* RunnerUITests */ = {
			isa = PBXNativeTarget;
			buildConfigurationList = F7782194215E875A00B240C3 /* Build configuration list for PBXNativeTarget "RunnerUITests" */;
			buildPhases = (
				F7782181215E875A00B240C3 /* Sources */,
				F7782182215E875A00B240C3 /* Frameworks */,
				F7782183215E875A00B240C3 /* Resources */,
			);
			buildRules = (
			);
			dependencies = (
				F7782187215E875A00B240C3 /* PBXTargetDependency */,
			);
			name = RunnerUITests;
			productName = RunnerUITests;
			productReference = F7782185215E875A00B240C3 /* RunnerUITests.xctest */;
			productType = "com.apple.product-type.bundle.ui-testing";
		};
/* End PBXNativeTarget section */

/* Begin PBXProject section */
		F778215D215E875900B240C3 /* Project object */ = {
			isa = PBXProject;
			attributes = {
				LastSwiftUpdateCheck = 1000;
				LastUpgradeCheck = 1000;
				ORGANIZATIONNAME = "Loyola Marymount University";
				TargetAttributes = {
					F7782164215E875900B240C3 = {
						CreatedOnToolsVersion = 10.0;
						SystemCapabilities = {
							com.apple.Sandbox = {
								enabled = 0;
							};
						};
					};
					F7782179215E875A00B240C3 = {
						CreatedOnToolsVersion = 10.0;
						TestTargetID = F7782164215E875900B240C3;
					};
					F7782184215E875A00B240C3 = {
						CreatedOnToolsVersion = 10.0;
						TestTargetID = F7782164215E875900B240C3;
					};
				};
			};
			buildConfigurationList = F7782160215E875900B240C3 /* Build configuration list for PBXProject "Runner" */;
			compatibilityVersion = "Xcode 9.3";
			developmentRegion = en;
			hasScannedForEncodings = 0;
			knownRegions = (
				en,
				Base,
			);
			mainGroup = F778215C215E875900B240C3;
			productRefGroup = F7782166215E875900B240C3 /* Products */;
			projectDirPath = "";
			projectReferences = (
				{
					ProductGroup = F7736163216035BB00467622 /* Products */;
					ProjectRef = F7736162216035BB00467622 /* Siesta.xcodeproj */;
				},
			);
			projectRoot = "";
			targets = (
				F7782164215E875900B240C3 /* Runner */,
				F7782179215E875A00B240C3 /* RunnerTests */,
				F7782184215E875A00B240C3 /* RunnerUITests */,
			);
		};
/* End PBXProject section */

/* Begin PBXReferenceProxy section */
		F7736170216035BB00467622 /* Siesta.framework */ = {
			isa = PBXReferenceProxy;
			fileType = wrapper.framework;
			path = Siesta.framework;
			remoteRef = F773616F216035BB00467622 /* PBXContainerItemProxy */;
			sourceTree = BUILT_PRODUCTS_DIR;
		};
		F7736172216035BB00467622 /* Siesta.framework */ = {
			isa = PBXReferenceProxy;
			fileType = wrapper.framework;
			path = Siesta.framework;
			remoteRef = F7736171216035BB00467622 /* PBXContainerItemProxy */;
			sourceTree = BUILT_PRODUCTS_DIR;
		};
		F7736174216035BB00467622 /* Siesta.framework */ = {
			isa = PBXReferenceProxy;
			fileType = wrapper.framework;
			path = Siesta.framework;
			remoteRef = F7736173216035BB00467622 /* PBXContainerItemProxy */;
			sourceTree = BUILT_PRODUCTS_DIR;
		};
		F7736176216035BB00467622 /* Siesta.framework */ = {
			isa = PBXReferenceProxy;
			fileType = wrapper.framework;
			path = Siesta.framework;
			remoteRef = F7736175216035BB00467622 /* PBXContainerItemProxy */;
			sourceTree = BUILT_PRODUCTS_DIR;
		};
		F7736178216035BB00467622 /* SiestaUI.framework */ = {
			isa = PBXReferenceProxy;
			fileType = wrapper.framework;
			path = SiestaUI.framework;
			remoteRef = F7736177216035BB00467622 /* PBXContainerItemProxy */;
			sourceTree = BUILT_PRODUCTS_DIR;
		};
		F773617A216035BB00467622 /* SiestaUI.framework */ = {
			isa = PBXReferenceProxy;
			fileType = wrapper.framework;
			path = SiestaUI.framework;
			remoteRef = F7736179216035BB00467622 /* PBXContainerItemProxy */;
			sourceTree = BUILT_PRODUCTS_DIR;
		};
		F773617C216035BB00467622 /* SiestaTests.xctest */ = {
			isa = PBXReferenceProxy;
			fileType = wrapper.cfbundle;
			path = SiestaTests.xctest;
			remoteRef = F773617B216035BB00467622 /* PBXContainerItemProxy */;
			sourceTree = BUILT_PRODUCTS_DIR;
		};
		F773617E216035BB00467622 /* SiestaTests.xctest */ = {
			isa = PBXReferenceProxy;
			fileType = wrapper.cfbundle;
			path = SiestaTests.xctest;
			remoteRef = F773617D216035BB00467622 /* PBXContainerItemProxy */;
			sourceTree = BUILT_PRODUCTS_DIR;
		};
		F7736180216035BB00467622 /* SiestaTests tvOS.xctest */ = {
			isa = PBXReferenceProxy;
			fileType = wrapper.cfbundle;
			path = "SiestaTests tvOS.xctest";
			remoteRef = F773617F216035BB00467622 /* PBXContainerItemProxy */;
			sourceTree = BUILT_PRODUCTS_DIR;
		};
		F7736182216035BB00467622 /* SiestaPerformanceTests macOS.xctest */ = {
			isa = PBXReferenceProxy;
			fileType = wrapper.cfbundle;
			path = "SiestaPerformanceTests macOS.xctest";
			remoteRef = F7736181216035BB00467622 /* PBXContainerItemProxy */;
			sourceTree = BUILT_PRODUCTS_DIR;
		};
/* End PBXReferenceProxy section */

/* Begin PBXResourcesBuildPhase section */
		F7782163215E875900B240C3 /* Resources */ = {
			isa = PBXResourcesBuildPhase;
			buildActionMask = 2147483647;
			files = (
				F7782170215E875A00B240C3 /* Assets.xcassets in Resources */,
				F778216E215E875900B240C3 /* Document.xib in Resources */,
				F7782173215E875A00B240C3 /* MainMenu.xib in Resources */,
			);
			runOnlyForDeploymentPostprocessing = 0;
		};
		F7782178215E875A00B240C3 /* Resources */ = {
			isa = PBXResourcesBuildPhase;
			buildActionMask = 2147483647;
			files = (
			);
			runOnlyForDeploymentPostprocessing = 0;
		};
		F7782183215E875A00B240C3 /* Resources */ = {
			isa = PBXResourcesBuildPhase;
			buildActionMask = 2147483647;
			files = (
			);
			runOnlyForDeploymentPostprocessing = 0;
		};
/* End PBXResourcesBuildPhase section */

/* Begin PBXSourcesBuildPhase section */
		F7782161215E875900B240C3 /* Sources */ = {
			isa = PBXSourcesBuildPhase;
			buildActionMask = 2147483647;
			files = (
				F778216B215E875900B240C3 /* Document.swift in Sources */,
				F773618F2160384700467622 /* LanguageIDService.swift in Sources */,
				F77361912160391E00467622 /* KeysAndTokens.swift in Sources */,
				F7C4A02D2161EFA500B6D012 /* ExecutionResult.swift in Sources */,
				F77361982160C95B00467622 /* LanguageMappings.swift in Sources */,
				F76130262161B19400B0F831 /* WebKitExecutor.swift in Sources */,
				F7736194216064E600467622 /* LanguageID.swift in Sources */,
				F7736196216092D400467622 /* Executor.swift in Sources */,
				F7782169215E875900B240C3 /* AppDelegate.swift in Sources */,
			);
			runOnlyForDeploymentPostprocessing = 0;
		};
		F7782176215E875A00B240C3 /* Sources */ = {
			isa = PBXSourcesBuildPhase;
			buildActionMask = 2147483647;
			files = (
				F778217F215E875A00B240C3 /* RunnerTests.swift in Sources */,
			);
			runOnlyForDeploymentPostprocessing = 0;
		};
		F7782181215E875A00B240C3 /* Sources */ = {
			isa = PBXSourcesBuildPhase;
			buildActionMask = 2147483647;
			files = (
				F778218A215E875A00B240C3 /* RunnerUITests.swift in Sources */,
			);
			runOnlyForDeploymentPostprocessing = 0;
		};
/* End PBXSourcesBuildPhase section */

/* Begin PBXTargetDependency section */
		F7736184216035DF00467622 /* PBXTargetDependency */ = {
			isa = PBXTargetDependency;
			name = "Siesta macOS";
			targetProxy = F7736183216035DF00467622 /* PBXContainerItemProxy */;
		};
		F778217C215E875A00B240C3 /* PBXTargetDependency */ = {
			isa = PBXTargetDependency;
			target = F7782164215E875900B240C3 /* Runner */;
			targetProxy = F778217B215E875A00B240C3 /* PBXContainerItemProxy */;
		};
		F7782187215E875A00B240C3 /* PBXTargetDependency */ = {
			isa = PBXTargetDependency;
			target = F7782164215E875900B240C3 /* Runner */;
			targetProxy = F7782186215E875A00B240C3 /* PBXContainerItemProxy */;
		};
/* End PBXTargetDependency section */

/* Begin PBXVariantGroup section */
		F778216C215E875900B240C3 /* Document.xib */ = {
			isa = PBXVariantGroup;
			children = (
				F778216D215E875900B240C3 /* Base */,
			);
			name = Document.xib;
			sourceTree = "<group>";
		};
		F7782171215E875A00B240C3 /* MainMenu.xib */ = {
			isa = PBXVariantGroup;
			children = (
				F7782172215E875A00B240C3 /* Base */,
			);
			name = MainMenu.xib;
			sourceTree = "<group>";
		};
/* End PBXVariantGroup section */

/* Begin XCBuildConfiguration section */
		F778218C215E875A00B240C3 /* Debug */ = {
			isa = XCBuildConfiguration;
			buildSettings = {
				ALWAYS_SEARCH_USER_PATHS = NO;
				CLANG_ANALYZER_NONNULL = YES;
				CLANG_ANALYZER_NUMBER_OBJECT_CONVERSION = YES_AGGRESSIVE;
				CLANG_CXX_LANGUAGE_STANDARD = "gnu++14";
				CLANG_CXX_LIBRARY = "libc++";
				CLANG_ENABLE_MODULES = YES;
				CLANG_ENABLE_OBJC_ARC = YES;
				CLANG_ENABLE_OBJC_WEAK = YES;
				CLANG_WARN_BLOCK_CAPTURE_AUTORELEASING = YES;
				CLANG_WARN_BOOL_CONVERSION = YES;
				CLANG_WARN_COMMA = YES;
				CLANG_WARN_CONSTANT_CONVERSION = YES;
				CLANG_WARN_DEPRECATED_OBJC_IMPLEMENTATIONS = YES;
				CLANG_WARN_DIRECT_OBJC_ISA_USAGE = YES_ERROR;
				CLANG_WARN_DOCUMENTATION_COMMENTS = YES;
				CLANG_WARN_EMPTY_BODY = YES;
				CLANG_WARN_ENUM_CONVERSION = YES;
				CLANG_WARN_INFINITE_RECURSION = YES;
				CLANG_WARN_INT_CONVERSION = YES;
				CLANG_WARN_NON_LITERAL_NULL_CONVERSION = YES;
				CLANG_WARN_OBJC_IMPLICIT_RETAIN_SELF = YES;
				CLANG_WARN_OBJC_LITERAL_CONVERSION = YES;
				CLANG_WARN_OBJC_ROOT_CLASS = YES_ERROR;
				CLANG_WARN_RANGE_LOOP_ANALYSIS = YES;
				CLANG_WARN_STRICT_PROTOTYPES = YES;
				CLANG_WARN_SUSPICIOUS_MOVE = YES;
				CLANG_WARN_UNGUARDED_AVAILABILITY = YES_AGGRESSIVE;
				CLANG_WARN_UNREACHABLE_CODE = YES;
				CLANG_WARN__DUPLICATE_METHOD_MATCH = YES;
				CODE_SIGN_IDENTITY = "Mac Developer";
				COPY_PHASE_STRIP = NO;
				DEBUG_INFORMATION_FORMAT = dwarf;
				ENABLE_STRICT_OBJC_MSGSEND = YES;
				ENABLE_TESTABILITY = YES;
				GCC_C_LANGUAGE_STANDARD = gnu11;
				GCC_DYNAMIC_NO_PIC = NO;
				GCC_NO_COMMON_BLOCKS = YES;
				GCC_OPTIMIZATION_LEVEL = 0;
				GCC_PREPROCESSOR_DEFINITIONS = (
					"DEBUG=1",
					"$(inherited)",
				);
				GCC_WARN_64_TO_32_BIT_CONVERSION = YES;
				GCC_WARN_ABOUT_RETURN_TYPE = YES_ERROR;
				GCC_WARN_UNDECLARED_SELECTOR = YES;
				GCC_WARN_UNINITIALIZED_AUTOS = YES_AGGRESSIVE;
				GCC_WARN_UNUSED_FUNCTION = YES;
				GCC_WARN_UNUSED_VARIABLE = YES;
				MACOSX_DEPLOYMENT_TARGET = 10.13;
				MTL_ENABLE_DEBUG_INFO = INCLUDE_SOURCE;
				MTL_FAST_MATH = YES;
				ONLY_ACTIVE_ARCH = YES;
				SDKROOT = macosx;
				SWIFT_ACTIVE_COMPILATION_CONDITIONS = DEBUG;
				SWIFT_OPTIMIZATION_LEVEL = "-Onone";
			};
			name = Debug;
		};
		F778218D215E875A00B240C3 /* Release */ = {
			isa = XCBuildConfiguration;
			buildSettings = {
				ALWAYS_SEARCH_USER_PATHS = NO;
				CLANG_ANALYZER_NONNULL = YES;
				CLANG_ANALYZER_NUMBER_OBJECT_CONVERSION = YES_AGGRESSIVE;
				CLANG_CXX_LANGUAGE_STANDARD = "gnu++14";
				CLANG_CXX_LIBRARY = "libc++";
				CLANG_ENABLE_MODULES = YES;
				CLANG_ENABLE_OBJC_ARC = YES;
				CLANG_ENABLE_OBJC_WEAK = YES;
				CLANG_WARN_BLOCK_CAPTURE_AUTORELEASING = YES;
				CLANG_WARN_BOOL_CONVERSION = YES;
				CLANG_WARN_COMMA = YES;
				CLANG_WARN_CONSTANT_CONVERSION = YES;
				CLANG_WARN_DEPRECATED_OBJC_IMPLEMENTATIONS = YES;
				CLANG_WARN_DIRECT_OBJC_ISA_USAGE = YES_ERROR;
				CLANG_WARN_DOCUMENTATION_COMMENTS = YES;
				CLANG_WARN_EMPTY_BODY = YES;
				CLANG_WARN_ENUM_CONVERSION = YES;
				CLANG_WARN_INFINITE_RECURSION = YES;
				CLANG_WARN_INT_CONVERSION = YES;
				CLANG_WARN_NON_LITERAL_NULL_CONVERSION = YES;
				CLANG_WARN_OBJC_IMPLICIT_RETAIN_SELF = YES;
				CLANG_WARN_OBJC_LITERAL_CONVERSION = YES;
				CLANG_WARN_OBJC_ROOT_CLASS = YES_ERROR;
				CLANG_WARN_RANGE_LOOP_ANALYSIS = YES;
				CLANG_WARN_STRICT_PROTOTYPES = YES;
				CLANG_WARN_SUSPICIOUS_MOVE = YES;
				CLANG_WARN_UNGUARDED_AVAILABILITY = YES_AGGRESSIVE;
				CLANG_WARN_UNREACHABLE_CODE = YES;
				CLANG_WARN__DUPLICATE_METHOD_MATCH = YES;
				CODE_SIGN_IDENTITY = "Mac Developer";
				COPY_PHASE_STRIP = NO;
				DEBUG_INFORMATION_FORMAT = "dwarf-with-dsym";
				ENABLE_NS_ASSERTIONS = NO;
				ENABLE_STRICT_OBJC_MSGSEND = YES;
				GCC_C_LANGUAGE_STANDARD = gnu11;
				GCC_NO_COMMON_BLOCKS = YES;
				GCC_WARN_64_TO_32_BIT_CONVERSION = YES;
				GCC_WARN_ABOUT_RETURN_TYPE = YES_ERROR;
				GCC_WARN_UNDECLARED_SELECTOR = YES;
				GCC_WARN_UNINITIALIZED_AUTOS = YES_AGGRESSIVE;
				GCC_WARN_UNUSED_FUNCTION = YES;
				GCC_WARN_UNUSED_VARIABLE = YES;
				MACOSX_DEPLOYMENT_TARGET = 10.13;
				MTL_ENABLE_DEBUG_INFO = NO;
				MTL_FAST_MATH = YES;
				SDKROOT = macosx;
				SWIFT_COMPILATION_MODE = wholemodule;
				SWIFT_OPTIMIZATION_LEVEL = "-O";
			};
			name = Release;
		};
		F778218F215E875A00B240C3 /* Debug */ = {
			isa = XCBuildConfiguration;
			buildSettings = {
				ASSETCATALOG_COMPILER_APPICON_NAME = AppIcon;
				CODE_SIGN_STYLE = Automatic;
				COMBINE_HIDPI_IMAGES = YES;
				DEVELOPMENT_TEAM = 3CWQTF6K7P;
				INFOPLIST_FILE = "$(SRCROOT)/Source/Info.plist";
				LD_RUNPATH_SEARCH_PATHS = (
					"$(inherited)",
					"@executable_path/../Frameworks",
				);
				PRODUCT_BUNDLE_IDENTIFIER = edu.lmu.Runner;
				PRODUCT_NAME = "$(TARGET_NAME)";
				SWIFT_VERSION = 4.2;
			};
			name = Debug;
		};
		F7782190215E875A00B240C3 /* Release */ = {
			isa = XCBuildConfiguration;
			buildSettings = {
				ASSETCATALOG_COMPILER_APPICON_NAME = AppIcon;
				CODE_SIGN_STYLE = Automatic;
				COMBINE_HIDPI_IMAGES = YES;
				DEVELOPMENT_TEAM = 3CWQTF6K7P;
				INFOPLIST_FILE = "$(SRCROOT)/Source/Info.plist";
				LD_RUNPATH_SEARCH_PATHS = (
					"$(inherited)",
					"@executable_path/../Frameworks",
				);
				PRODUCT_BUNDLE_IDENTIFIER = edu.lmu.Runner;
				PRODUCT_NAME = "$(TARGET_NAME)";
				SWIFT_VERSION = 4.2;
			};
			name = Release;
		};
		F7782192215E875A00B240C3 /* Debug */ = {
			isa = XCBuildConfiguration;
			buildSettings = {
				ALWAYS_EMBED_SWIFT_STANDARD_LIBRARIES = YES;
				BUNDLE_LOADER = "$(TEST_HOST)";
				CODE_SIGN_STYLE = Automatic;
				COMBINE_HIDPI_IMAGES = YES;
				DEVELOPMENT_TEAM = 3CWQTF6K7P;
				INFOPLIST_FILE = RunnerTests/Info.plist;
				LD_RUNPATH_SEARCH_PATHS = (
					"$(inherited)",
					"@executable_path/../Frameworks",
					"@loader_path/../Frameworks",
				);
				PRODUCT_BUNDLE_IDENTIFIER = edu.lmu.RunnerTests;
				PRODUCT_NAME = "$(TARGET_NAME)";
				SWIFT_VERSION = 4.2;
				TEST_HOST = "$(BUILT_PRODUCTS_DIR)/Runner.app/Contents/MacOS/Runner";
			};
			name = Debug;
		};
		F7782193215E875A00B240C3 /* Release */ = {
			isa = XCBuildConfiguration;
			buildSettings = {
				ALWAYS_EMBED_SWIFT_STANDARD_LIBRARIES = YES;
				BUNDLE_LOADER = "$(TEST_HOST)";
				CODE_SIGN_STYLE = Automatic;
				COMBINE_HIDPI_IMAGES = YES;
				DEVELOPMENT_TEAM = 3CWQTF6K7P;
				INFOPLIST_FILE = RunnerTests/Info.plist;
				LD_RUNPATH_SEARCH_PATHS = (
					"$(inherited)",
					"@executable_path/../Frameworks",
					"@loader_path/../Frameworks",
				);
				PRODUCT_BUNDLE_IDENTIFIER = edu.lmu.RunnerTests;
				PRODUCT_NAME = "$(TARGET_NAME)";
				SWIFT_VERSION = 4.2;
				TEST_HOST = "$(BUILT_PRODUCTS_DIR)/Runner.app/Contents/MacOS/Runner";
			};
			name = Release;
		};
		F7782195215E875A00B240C3 /* Debug */ = {
			isa = XCBuildConfiguration;
			buildSettings = {
				ALWAYS_EMBED_SWIFT_STANDARD_LIBRARIES = YES;
				CODE_SIGN_STYLE = Automatic;
				COMBINE_HIDPI_IMAGES = YES;
				DEVELOPMENT_TEAM = 3CWQTF6K7P;
				INFOPLIST_FILE = RunnerUITests/Info.plist;
				LD_RUNPATH_SEARCH_PATHS = (
					"$(inherited)",
					"@executable_path/../Frameworks",
					"@loader_path/../Frameworks",
				);
				PRODUCT_BUNDLE_IDENTIFIER = edu.lmu.RunnerUITests;
				PRODUCT_NAME = "$(TARGET_NAME)";
				SWIFT_VERSION = 4.2;
				TEST_TARGET_NAME = Runner;
			};
			name = Debug;
		};
		F7782196215E875A00B240C3 /* Release */ = {
			isa = XCBuildConfiguration;
			buildSettings = {
				ALWAYS_EMBED_SWIFT_STANDARD_LIBRARIES = YES;
				CODE_SIGN_STYLE = Automatic;
				COMBINE_HIDPI_IMAGES = YES;
				DEVELOPMENT_TEAM = 3CWQTF6K7P;
				INFOPLIST_FILE = RunnerUITests/Info.plist;
				LD_RUNPATH_SEARCH_PATHS = (
					"$(inherited)",
					"@executable_path/../Frameworks",
					"@loader_path/../Frameworks",
				);
				PRODUCT_BUNDLE_IDENTIFIER = edu.lmu.RunnerUITests;
				PRODUCT_NAME = "$(TARGET_NAME)";
				SWIFT_VERSION = 4.2;
				TEST_TARGET_NAME = Runner;
			};
			name = Release;
		};
/* End XCBuildConfiguration section */

/* Begin XCConfigurationList section */
		F7782160215E875900B240C3 /* Build configuration list for PBXProject "Runner" */ = {
			isa = XCConfigurationList;
			buildConfigurations = (
				F778218C215E875A00B240C3 /* Debug */,
				F778218D215E875A00B240C3 /* Release */,
			);
			defaultConfigurationIsVisible = 0;
			defaultConfigurationName = Release;
		};
		F778218E215E875A00B240C3 /* Build configuration list for PBXNativeTarget "Runner" */ = {
			isa = XCConfigurationList;
			buildConfigurations = (
				F778218F215E875A00B240C3 /* Debug */,
				F7782190215E875A00B240C3 /* Release */,
			);
			defaultConfigurationIsVisible = 0;
			defaultConfigurationName = Release;
		};
		F7782191215E875A00B240C3 /* Build configuration list for PBXNativeTarget "RunnerTests" */ = {
			isa = XCConfigurationList;
			buildConfigurations = (
				F7782192215E875A00B240C3 /* Debug */,
				F7782193215E875A00B240C3 /* Release */,
			);
			defaultConfigurationIsVisible = 0;
			defaultConfigurationName = Release;
		};
		F7782194215E875A00B240C3 /* Build configuration list for PBXNativeTarget "RunnerUITests" */ = {
			isa = XCConfigurationList;
			buildConfigurations = (
				F7782195215E875A00B240C3 /* Debug */,
				F7782196215E875A00B240C3 /* Release */,
			);
			defaultConfigurationIsVisible = 0;
			defaultConfigurationName = Release;
		};
/* End XCConfigurationList section */
	};
	rootObject = F778215D215E875900B240C3 /* Project object */;
}
