// !$*UTF8*$!
{
	archiveVersion = 1;
	classes = {
	};
	objectVersion = 50;
	objects = {

/* Begin PBXBuildFile section */
		F78F0255215D60CF00F74C9E /* AppDelegate.swift in Sources */ = {isa = PBXBuildFile; fileRef = F78F0254215D60CF00F74C9E /* AppDelegate.swift */; };
		F78F0257215D60D100F74C9E /* Assets.xcassets in Resources */ = {isa = PBXBuildFile; fileRef = F78F0256215D60D100F74C9E /* Assets.xcassets */; };
		F78F025A215D60D100F74C9E /* MainMenu.xib in Resources */ = {isa = PBXBuildFile; fileRef = F78F0258215D60D100F74C9E /* MainMenu.xib */; };
		F78F0266215D60D100F74C9E /* RunnerTests.swift in Sources */ = {isa = PBXBuildFile; fileRef = F78F0265215D60D100F74C9E /* RunnerTests.swift */; };
		F78F0271215D60D100F74C9E /* RunnerUITests.swift in Sources */ = {isa = PBXBuildFile; fileRef = F78F0270215D60D100F74C9E /* RunnerUITests.swift */; };
/* End PBXBuildFile section */

/* Begin PBXContainerItemProxy section */
		F78F0262215D60D100F74C9E /* PBXContainerItemProxy */ = {
			isa = PBXContainerItemProxy;
			containerPortal = F78F0249215D60CE00F74C9E /* Project object */;
			proxyType = 1;
			remoteGlobalIDString = F78F0250215D60CF00F74C9E;
			remoteInfo = Runner;
		};
		F78F026D215D60D100F74C9E /* PBXContainerItemProxy */ = {
			isa = PBXContainerItemProxy;
			containerPortal = F78F0249215D60CE00F74C9E /* Project object */;
			proxyType = 1;
			remoteGlobalIDString = F78F0250215D60CF00F74C9E;
			remoteInfo = Runner;
		};
/* End PBXContainerItemProxy section */

/* Begin PBXFileReference section */
		F78F0251215D60CF00F74C9E /* Runner.app */ = {isa = PBXFileReference; explicitFileType = wrapper.application; includeInIndex = 0; path = Runner.app; sourceTree = BUILT_PRODUCTS_DIR; };
		F78F0254215D60CF00F74C9E /* AppDelegate.swift */ = {isa = PBXFileReference; lastKnownFileType = sourcecode.swift; path = AppDelegate.swift; sourceTree = "<group>"; };
		F78F0256215D60D100F74C9E /* Assets.xcassets */ = {isa = PBXFileReference; lastKnownFileType = folder.assetcatalog; path = Assets.xcassets; sourceTree = "<group>"; };
		F78F0259215D60D100F74C9E /* Base */ = {isa = PBXFileReference; lastKnownFileType = file.xib; name = Base; path = Base.lproj/MainMenu.xib; sourceTree = "<group>"; };
		F78F025B215D60D100F74C9E /* Info.plist */ = {isa = PBXFileReference; lastKnownFileType = text.plist.xml; path = Info.plist; sourceTree = "<group>"; };
		F78F025C215D60D100F74C9E /* Runner.entitlements */ = {isa = PBXFileReference; lastKnownFileType = text.plist.entitlements; path = Runner.entitlements; sourceTree = "<group>"; };
		F78F0261215D60D100F74C9E /* RunnerTests.xctest */ = {isa = PBXFileReference; explicitFileType = wrapper.cfbundle; includeInIndex = 0; path = RunnerTests.xctest; sourceTree = BUILT_PRODUCTS_DIR; };
		F78F0265215D60D100F74C9E /* RunnerTests.swift */ = {isa = PBXFileReference; lastKnownFileType = sourcecode.swift; path = RunnerTests.swift; sourceTree = "<group>"; };
		F78F0267215D60D100F74C9E /* Info.plist */ = {isa = PBXFileReference; lastKnownFileType = text.plist.xml; path = Info.plist; sourceTree = "<group>"; };
		F78F026C215D60D100F74C9E /* RunnerUITests.xctest */ = {isa = PBXFileReference; explicitFileType = wrapper.cfbundle; includeInIndex = 0; path = RunnerUITests.xctest; sourceTree = BUILT_PRODUCTS_DIR; };
		F78F0270215D60D100F74C9E /* RunnerUITests.swift */ = {isa = PBXFileReference; lastKnownFileType = sourcecode.swift; path = RunnerUITests.swift; sourceTree = "<group>"; };
		F78F0272215D60D100F74C9E /* Info.plist */ = {isa = PBXFileReference; lastKnownFileType = text.plist.xml; path = Info.plist; sourceTree = "<group>"; };
/* End PBXFileReference section */

/* Begin PBXFrameworksBuildPhase section */
		F78F024E215D60CF00F74C9E /* Frameworks */ = {
			isa = PBXFrameworksBuildPhase;
			buildActionMask = 2147483647;
			files = (
			);
			runOnlyForDeploymentPostprocessing = 0;
		};
		F78F025E215D60D100F74C9E /* Frameworks */ = {
			isa = PBXFrameworksBuildPhase;
			buildActionMask = 2147483647;
			files = (
			);
			runOnlyForDeploymentPostprocessing = 0;
		};
		F78F0269215D60D100F74C9E /* Frameworks */ = {
			isa = PBXFrameworksBuildPhase;
			buildActionMask = 2147483647;
			files = (
			);
			runOnlyForDeploymentPostprocessing = 0;
		};
/* End PBXFrameworksBuildPhase section */

/* Begin PBXGroup section */
		F78F0248215D60CE00F74C9E = {
			isa = PBXGroup;
			children = (
				F78F0253215D60CF00F74C9E /* Source */,
				F78F0264215D60D100F74C9E /* Tests */,
				F78F026F215D60D100F74C9E /* UI Tests */,
				F78F027E215D626000F74C9E /* Runner */,
				F78F0252215D60CF00F74C9E /* Products */,
			);
			sourceTree = "<group>";
		};
		F78F0252215D60CF00F74C9E /* Products */ = {
			isa = PBXGroup;
			children = (
				F78F0251215D60CF00F74C9E /* Runner.app */,
				F78F0261215D60D100F74C9E /* RunnerTests.xctest */,
				F78F026C215D60D100F74C9E /* RunnerUITests.xctest */,
			);
			name = Products;
			sourceTree = "<group>";
		};
		F78F0253215D60CF00F74C9E /* Source */ = {
			isa = PBXGroup;
			children = (
				F78F0254215D60CF00F74C9E /* AppDelegate.swift */,
				F78F0256215D60D100F74C9E /* Assets.xcassets */,
				F78F0258215D60D100F74C9E /* MainMenu.xib */,
				F78F025B215D60D100F74C9E /* Info.plist */,
			);
			path = Source;
			sourceTree = "<group>";
		};
		F78F0264215D60D100F74C9E /* Tests */ = {
			isa = PBXGroup;
			children = (
				F78F0265215D60D100F74C9E /* RunnerTests.swift */,
				F78F0267215D60D100F74C9E /* Info.plist */,
			);
			path = Tests;
			sourceTree = "<group>";
		};
		F78F026F215D60D100F74C9E /* UI Tests */ = {
			isa = PBXGroup;
			children = (
				F78F0270215D60D100F74C9E /* RunnerUITests.swift */,
				F78F0272215D60D100F74C9E /* Info.plist */,
			);
			path = "UI Tests";
			sourceTree = "<group>";
		};
		F78F027E215D626000F74C9E /* Runner */ = {
			isa = PBXGroup;
			children = (
				F78F025C215D60D100F74C9E /* Runner.entitlements */,
			);
			path = Runner;
			sourceTree = "<group>";
		};
/* End PBXGroup section */

/* Begin PBXNativeTarget section */
		F78F0250215D60CF00F74C9E /* Runner */ = {
			isa = PBXNativeTarget;
			buildConfigurationList = F78F0275215D60D100F74C9E /* Build configuration list for PBXNativeTarget "Runner" */;
			buildPhases = (
				F78F024D215D60CF00F74C9E /* Sources */,
				F78F024E215D60CF00F74C9E /* Frameworks */,
				F78F024F215D60CF00F74C9E /* Resources */,
			);
			buildRules = (
			);
			dependencies = (
			);
			name = Runner;
			productName = Runner;
			productReference = F78F0251215D60CF00F74C9E /* Runner.app */;
			productType = "com.apple.product-type.application";
		};
		F78F0260215D60D100F74C9E /* RunnerTests */ = {
			isa = PBXNativeTarget;
			buildConfigurationList = F78F0278215D60D100F74C9E /* Build configuration list for PBXNativeTarget "RunnerTests" */;
			buildPhases = (
				F78F025D215D60D100F74C9E /* Sources */,
				F78F025E215D60D100F74C9E /* Frameworks */,
				F78F025F215D60D100F74C9E /* Resources */,
			);
			buildRules = (
			);
			dependencies = (
				F78F0263215D60D100F74C9E /* PBXTargetDependency */,
			);
			name = RunnerTests;
			productName = RunnerTests;
			productReference = F78F0261215D60D100F74C9E /* RunnerTests.xctest */;
			productType = "com.apple.product-type.bundle.unit-test";
		};
		F78F026B215D60D100F74C9E /* RunnerUITests */ = {
			isa = PBXNativeTarget;
			buildConfigurationList = F78F027B215D60D100F74C9E /* Build configuration list for PBXNativeTarget "RunnerUITests" */;
			buildPhases = (
				F78F0268215D60D100F74C9E /* Sources */,
				F78F0269215D60D100F74C9E /* Frameworks */,
				F78F026A215D60D100F74C9E /* Resources */,
			);
			buildRules = (
			);
			dependencies = (
				F78F026E215D60D100F74C9E /* PBXTargetDependency */,
			);
			name = RunnerUITests;
			productName = RunnerUITests;
			productReference = F78F026C215D60D100F74C9E /* RunnerUITests.xctest */;
			productType = "com.apple.product-type.bundle.ui-testing";
		};
/* End PBXNativeTarget section */

/* Begin PBXProject section */
		F78F0249215D60CE00F74C9E /* Project object */ = {
			isa = PBXProject;
			attributes = {
				LastSwiftUpdateCheck = 1000;
				LastUpgradeCheck = 1000;
				ORGANIZATIONNAME = Dondi;
				TargetAttributes = {
					F78F0250215D60CF00F74C9E = {
						CreatedOnToolsVersion = 10.0;
					};
					F78F0260215D60D100F74C9E = {
						CreatedOnToolsVersion = 10.0;
						TestTargetID = F78F0250215D60CF00F74C9E;
					};
					F78F026B215D60D100F74C9E = {
						CreatedOnToolsVersion = 10.0;
						TestTargetID = F78F0250215D60CF00F74C9E;
					};
				};
			};
			buildConfigurationList = F78F024C215D60CE00F74C9E /* Build configuration list for PBXProject "Runner" */;
			compatibilityVersion = "Xcode 9.3";
			developmentRegion = en;
			hasScannedForEncodings = 0;
			knownRegions = (
				en,
				Base,
			);
			mainGroup = F78F0248215D60CE00F74C9E;
			productRefGroup = F78F0252215D60CF00F74C9E /* Products */;
			projectDirPath = "";
			projectRoot = "";
			targets = (
				F78F0250215D60CF00F74C9E /* Runner */,
				F78F0260215D60D100F74C9E /* RunnerTests */,
				F78F026B215D60D100F74C9E /* RunnerUITests */,
			);
		};
/* End PBXProject section */

/* Begin PBXResourcesBuildPhase section */
		F78F024F215D60CF00F74C9E /* Resources */ = {
			isa = PBXResourcesBuildPhase;
			buildActionMask = 2147483647;
			files = (
				F78F0257215D60D100F74C9E /* Assets.xcassets in Resources */,
				F78F025A215D60D100F74C9E /* MainMenu.xib in Resources */,
			);
			runOnlyForDeploymentPostprocessing = 0;
		};
		F78F025F215D60D100F74C9E /* Resources */ = {
			isa = PBXResourcesBuildPhase;
			buildActionMask = 2147483647;
			files = (
			);
			runOnlyForDeploymentPostprocessing = 0;
		};
		F78F026A215D60D100F74C9E /* Resources */ = {
			isa = PBXResourcesBuildPhase;
			buildActionMask = 2147483647;
			files = (
			);
			runOnlyForDeploymentPostprocessing = 0;
		};
/* End PBXResourcesBuildPhase section */

/* Begin PBXSourcesBuildPhase section */
		F78F024D215D60CF00F74C9E /* Sources */ = {
			isa = PBXSourcesBuildPhase;
			buildActionMask = 2147483647;
			files = (
				F78F0255215D60CF00F74C9E /* AppDelegate.swift in Sources */,
			);
			runOnlyForDeploymentPostprocessing = 0;
		};
		F78F025D215D60D100F74C9E /* Sources */ = {
			isa = PBXSourcesBuildPhase;
			buildActionMask = 2147483647;
			files = (
				F78F0266215D60D100F74C9E /* RunnerTests.swift in Sources */,
			);
			runOnlyForDeploymentPostprocessing = 0;
		};
		F78F0268215D60D100F74C9E /* Sources */ = {
			isa = PBXSourcesBuildPhase;
			buildActionMask = 2147483647;
			files = (
				F78F0271215D60D100F74C9E /* RunnerUITests.swift in Sources */,
			);
			runOnlyForDeploymentPostprocessing = 0;
		};
/* End PBXSourcesBuildPhase section */

/* Begin PBXTargetDependency section */
		F78F0263215D60D100F74C9E /* PBXTargetDependency */ = {
			isa = PBXTargetDependency;
			target = F78F0250215D60CF00F74C9E /* Runner */;
			targetProxy = F78F0262215D60D100F74C9E /* PBXContainerItemProxy */;
		};
		F78F026E215D60D100F74C9E /* PBXTargetDependency */ = {
			isa = PBXTargetDependency;
			target = F78F0250215D60CF00F74C9E /* Runner */;
			targetProxy = F78F026D215D60D100F74C9E /* PBXContainerItemProxy */;
		};
/* End PBXTargetDependency section */

/* Begin PBXVariantGroup section */
		F78F0258215D60D100F74C9E /* MainMenu.xib */ = {
			isa = PBXVariantGroup;
			children = (
				F78F0259215D60D100F74C9E /* Base */,
			);
			name = MainMenu.xib;
			sourceTree = "<group>";
		};
/* End PBXVariantGroup section */

/* Begin XCBuildConfiguration section */
		F78F0273215D60D100F74C9E /* Debug */ = {
			isa = XCBuildConfiguration;
			buildSettings = {
				ALWAYS_SEARCH_USER_PATHS = NO;
				CLANG_ANALYZER_NONNULL = YES;
				CLANG_ANALYZER_NUMBER_OBJECT_CONVERSION = YES_AGGRESSIVE;
				CLANG_CXX_LANGUAGE_STANDARD = "gnu++14";
				CLANG_CXX_LIBRARY = "libc++";
				CLANG_ENABLE_MODULES = YES;
				CLANG_ENABLE_OBJC_ARC = YES;
				CLANG_ENABLE_OBJC_WEAK = YES;
				CLANG_WARN_BLOCK_CAPTURE_AUTORELEASING = YES;
				CLANG_WARN_BOOL_CONVERSION = YES;
				CLANG_WARN_COMMA = YES;
				CLANG_WARN_CONSTANT_CONVERSION = YES;
				CLANG_WARN_DEPRECATED_OBJC_IMPLEMENTATIONS = YES;
				CLANG_WARN_DIRECT_OBJC_ISA_USAGE = YES_ERROR;
				CLANG_WARN_DOCUMENTATION_COMMENTS = YES;
				CLANG_WARN_EMPTY_BODY = YES;
				CLANG_WARN_ENUM_CONVERSION = YES;
				CLANG_WARN_INFINITE_RECURSION = YES;
				CLANG_WARN_INT_CONVERSION = YES;
				CLANG_WARN_NON_LITERAL_NULL_CONVERSION = YES;
				CLANG_WARN_OBJC_IMPLICIT_RETAIN_SELF = YES;
				CLANG_WARN_OBJC_LITERAL_CONVERSION = YES;
				CLANG_WARN_OBJC_ROOT_CLASS = YES_ERROR;
				CLANG_WARN_RANGE_LOOP_ANALYSIS = YES;
				CLANG_WARN_STRICT_PROTOTYPES = YES;
				CLANG_WARN_SUSPICIOUS_MOVE = YES;
				CLANG_WARN_UNGUARDED_AVAILABILITY = YES_AGGRESSIVE;
				CLANG_WARN_UNREACHABLE_CODE = YES;
				CLANG_WARN__DUPLICATE_METHOD_MATCH = YES;
				CODE_SIGN_IDENTITY = "Mac Developer";
				COPY_PHASE_STRIP = NO;
				DEBUG_INFORMATION_FORMAT = dwarf;
				ENABLE_STRICT_OBJC_MSGSEND = YES;
				ENABLE_TESTABILITY = YES;
				GCC_C_LANGUAGE_STANDARD = gnu11;
				GCC_DYNAMIC_NO_PIC = NO;
				GCC_NO_COMMON_BLOCKS = YES;
				GCC_OPTIMIZATION_LEVEL = 0;
				GCC_PREPROCESSOR_DEFINITIONS = (
					"DEBUG=1",
					"$(inherited)",
				);
				GCC_WARN_64_TO_32_BIT_CONVERSION = YES;
				GCC_WARN_ABOUT_RETURN_TYPE = YES_ERROR;
				GCC_WARN_UNDECLARED_SELECTOR = YES;
				GCC_WARN_UNINITIALIZED_AUTOS = YES_AGGRESSIVE;
				GCC_WARN_UNUSED_FUNCTION = YES;
				GCC_WARN_UNUSED_VARIABLE = YES;
				MACOSX_DEPLOYMENT_TARGET = 10.13;
				MTL_ENABLE_DEBUG_INFO = INCLUDE_SOURCE;
				MTL_FAST_MATH = YES;
				ONLY_ACTIVE_ARCH = YES;
				SDKROOT = macosx;
				SWIFT_ACTIVE_COMPILATION_CONDITIONS = DEBUG;
				SWIFT_OPTIMIZATION_LEVEL = "-Onone";
			};
			name = Debug;
		};
		F78F0274215D60D100F74C9E /* Release */ = {
			isa = XCBuildConfiguration;
			buildSettings = {
				ALWAYS_SEARCH_USER_PATHS = NO;
				CLANG_ANALYZER_NONNULL = YES;
				CLANG_ANALYZER_NUMBER_OBJECT_CONVERSION = YES_AGGRESSIVE;
				CLANG_CXX_LANGUAGE_STANDARD = "gnu++14";
				CLANG_CXX_LIBRARY = "libc++";
				CLANG_ENABLE_MODULES = YES;
				CLANG_ENABLE_OBJC_ARC = YES;
				CLANG_ENABLE_OBJC_WEAK = YES;
				CLANG_WARN_BLOCK_CAPTURE_AUTORELEASING = YES;
				CLANG_WARN_BOOL_CONVERSION = YES;
				CLANG_WARN_COMMA = YES;
				CLANG_WARN_CONSTANT_CONVERSION = YES;
				CLANG_WARN_DEPRECATED_OBJC_IMPLEMENTATIONS = YES;
				CLANG_WARN_DIRECT_OBJC_ISA_USAGE = YES_ERROR;
				CLANG_WARN_DOCUMENTATION_COMMENTS = YES;
				CLANG_WARN_EMPTY_BODY = YES;
				CLANG_WARN_ENUM_CONVERSION = YES;
				CLANG_WARN_INFINITE_RECURSION = YES;
				CLANG_WARN_INT_CONVERSION = YES;
				CLANG_WARN_NON_LITERAL_NULL_CONVERSION = YES;
				CLANG_WARN_OBJC_IMPLICIT_RETAIN_SELF = YES;
				CLANG_WARN_OBJC_LITERAL_CONVERSION = YES;
				CLANG_WARN_OBJC_ROOT_CLASS = YES_ERROR;
				CLANG_WARN_RANGE_LOOP_ANALYSIS = YES;
				CLANG_WARN_STRICT_PROTOTYPES = YES;
				CLANG_WARN_SUSPICIOUS_MOVE = YES;
				CLANG_WARN_UNGUARDED_AVAILABILITY = YES_AGGRESSIVE;
				CLANG_WARN_UNREACHABLE_CODE = YES;
				CLANG_WARN__DUPLICATE_METHOD_MATCH = YES;
				CODE_SIGN_IDENTITY = "Mac Developer";
				COPY_PHASE_STRIP = NO;
				DEBUG_INFORMATION_FORMAT = "dwarf-with-dsym";
				ENABLE_NS_ASSERTIONS = NO;
				ENABLE_STRICT_OBJC_MSGSEND = YES;
				GCC_C_LANGUAGE_STANDARD = gnu11;
				GCC_NO_COMMON_BLOCKS = YES;
				GCC_WARN_64_TO_32_BIT_CONVERSION = YES;
				GCC_WARN_ABOUT_RETURN_TYPE = YES_ERROR;
				GCC_WARN_UNDECLARED_SELECTOR = YES;
				GCC_WARN_UNINITIALIZED_AUTOS = YES_AGGRESSIVE;
				GCC_WARN_UNUSED_FUNCTION = YES;
				GCC_WARN_UNUSED_VARIABLE = YES;
				MACOSX_DEPLOYMENT_TARGET = 10.13;
				MTL_ENABLE_DEBUG_INFO = NO;
				MTL_FAST_MATH = YES;
				SDKROOT = macosx;
				SWIFT_COMPILATION_MODE = wholemodule;
				SWIFT_OPTIMIZATION_LEVEL = "-O";
			};
			name = Release;
		};
		F78F0276215D60D100F74C9E /* Debug */ = {
			isa = XCBuildConfiguration;
			buildSettings = {
				ASSETCATALOG_COMPILER_APPICON_NAME = AppIcon;
				CODE_SIGN_ENTITLEMENTS = Runner/Runner.entitlements;
				CODE_SIGN_STYLE = Automatic;
				COMBINE_HIDPI_IMAGES = YES;
				DEVELOPMENT_TEAM = 3CWQTF6K7P;
				INFOPLIST_FILE = "$(SRCROOT)/Source/Info.plist";
				LD_RUNPATH_SEARCH_PATHS = (
					"$(inherited)",
					"@executable_path/../Frameworks",
				);
				PRODUCT_BUNDLE_IDENTIFIER = edu.lmu.Runner;
				PRODUCT_NAME = "$(TARGET_NAME)";
				SWIFT_VERSION = 4.2;
			};
			name = Debug;
		};
		F78F0277215D60D100F74C9E /* Release */ = {
			isa = XCBuildConfiguration;
			buildSettings = {
				ASSETCATALOG_COMPILER_APPICON_NAME = AppIcon;
				CODE_SIGN_ENTITLEMENTS = Runner/Runner.entitlements;
				CODE_SIGN_STYLE = Automatic;
				COMBINE_HIDPI_IMAGES = YES;
				DEVELOPMENT_TEAM = 3CWQTF6K7P;
				INFOPLIST_FILE = "$(SRCROOT)/Source/Info.plist";
				LD_RUNPATH_SEARCH_PATHS = (
					"$(inherited)",
					"@executable_path/../Frameworks",
				);
				PRODUCT_BUNDLE_IDENTIFIER = edu.lmu.Runner;
				PRODUCT_NAME = "$(TARGET_NAME)";
				SWIFT_VERSION = 4.2;
			};
			name = Release;
		};
		F78F0279215D60D100F74C9E /* Debug */ = {
			isa = XCBuildConfiguration;
			buildSettings = {
				ALWAYS_EMBED_SWIFT_STANDARD_LIBRARIES = YES;
				BUNDLE_LOADER = "$(TEST_HOST)";
				CODE_SIGN_STYLE = Automatic;
				COMBINE_HIDPI_IMAGES = YES;
				DEVELOPMENT_TEAM = AJM76857DM;
				INFOPLIST_FILE = RunnerTests/Info.plist;
				LD_RUNPATH_SEARCH_PATHS = (
					"$(inherited)",
					"@executable_path/../Frameworks",
					"@loader_path/../Frameworks",
				);
				PRODUCT_BUNDLE_IDENTIFIER = edu.lmu.RunnerTests;
				PRODUCT_NAME = "$(TARGET_NAME)";
				SWIFT_VERSION = 4.2;
				TEST_HOST = "$(BUILT_PRODUCTS_DIR)/Runner.app/Contents/MacOS/Runner";
			};
			name = Debug;
		};
		F78F027A215D60D100F74C9E /* Release */ = {
			isa = XCBuildConfiguration;
			buildSettings = {
				ALWAYS_EMBED_SWIFT_STANDARD_LIBRARIES = YES;
				BUNDLE_LOADER = "$(TEST_HOST)";
				CODE_SIGN_STYLE = Automatic;
				COMBINE_HIDPI_IMAGES = YES;
				DEVELOPMENT_TEAM = AJM76857DM;
				INFOPLIST_FILE = RunnerTests/Info.plist;
				LD_RUNPATH_SEARCH_PATHS = (
					"$(inherited)",
					"@executable_path/../Frameworks",
					"@loader_path/../Frameworks",
				);
				PRODUCT_BUNDLE_IDENTIFIER = edu.lmu.RunnerTests;
				PRODUCT_NAME = "$(TARGET_NAME)";
				SWIFT_VERSION = 4.2;
				TEST_HOST = "$(BUILT_PRODUCTS_DIR)/Runner.app/Contents/MacOS/Runner";
			};
			name = Release;
		};
		F78F027C215D60D100F74C9E /* Debug */ = {
			isa = XCBuildConfiguration;
			buildSettings = {
				ALWAYS_EMBED_SWIFT_STANDARD_LIBRARIES = YES;
				CODE_SIGN_STYLE = Automatic;
				COMBINE_HIDPI_IMAGES = YES;
				DEVELOPMENT_TEAM = AJM76857DM;
				INFOPLIST_FILE = RunnerUITests/Info.plist;
				LD_RUNPATH_SEARCH_PATHS = (
					"$(inherited)",
					"@executable_path/../Frameworks",
					"@loader_path/../Frameworks",
				);
				PRODUCT_BUNDLE_IDENTIFIER = edu.lmu.RunnerUITests;
				PRODUCT_NAME = "$(TARGET_NAME)";
				SWIFT_VERSION = 4.2;
				TEST_TARGET_NAME = Runner;
			};
			name = Debug;
		};
		F78F027D215D60D100F74C9E /* Release */ = {
			isa = XCBuildConfiguration;
			buildSettings = {
				ALWAYS_EMBED_SWIFT_STANDARD_LIBRARIES = YES;
				CODE_SIGN_STYLE = Automatic;
				COMBINE_HIDPI_IMAGES = YES;
				DEVELOPMENT_TEAM = AJM76857DM;
				INFOPLIST_FILE = RunnerUITests/Info.plist;
				LD_RUNPATH_SEARCH_PATHS = (
					"$(inherited)",
					"@executable_path/../Frameworks",
					"@loader_path/../Frameworks",
				);
				PRODUCT_BUNDLE_IDENTIFIER = edu.lmu.RunnerUITests;
				PRODUCT_NAME = "$(TARGET_NAME)";
				SWIFT_VERSION = 4.2;
				TEST_TARGET_NAME = Runner;
			};
			name = Release;
		};
/* End XCBuildConfiguration section */

/* Begin XCConfigurationList section */
		F78F024C215D60CE00F74C9E /* Build configuration list for PBXProject "Runner" */ = {
			isa = XCConfigurationList;
			buildConfigurations = (
				F78F0273215D60D100F74C9E /* Debug */,
				F78F0274215D60D100F74C9E /* Release */,
			);
			defaultConfigurationIsVisible = 0;
			defaultConfigurationName = Release;
		};
		F78F0275215D60D100F74C9E /* Build configuration list for PBXNativeTarget "Runner" */ = {
			isa = XCConfigurationList;
			buildConfigurations = (
				F78F0276215D60D100F74C9E /* Debug */,
				F78F0277215D60D100F74C9E /* Release */,
			);
			defaultConfigurationIsVisible = 0;
			defaultConfigurationName = Release;
		};
		F78F0278215D60D100F74C9E /* Build configuration list for PBXNativeTarget "RunnerTests" */ = {
			isa = XCConfigurationList;
			buildConfigurations = (
				F78F0279215D60D100F74C9E /* Debug */,
				F78F027A215D60D100F74C9E /* Release */,
			);
			defaultConfigurationIsVisible = 0;
			defaultConfigurationName = Release;
		};
		F78F027B215D60D100F74C9E /* Build configuration list for PBXNativeTarget "RunnerUITests" */ = {
			isa = XCConfigurationList;
			buildConfigurations = (
				F78F027C215D60D100F74C9E /* Debug */,
				F78F027D215D60D100F74C9E /* Release */,
			);
			defaultConfigurationIsVisible = 0;
			defaultConfigurationName = Release;
		};
/* End XCConfigurationList section */
	};
	rootObject = F78F0249215D60CE00F74C9E /* Project object */;
}
